<?xml version="1.0" encoding="utf-8"?>
<Project ToolsVersion="14.0" xmlns="http://schemas.microsoft.com/developer/msbuild/2003">
  <ItemGroup>
    <Filter Include="Resource Files">
      <UniqueIdentifier>{67DA6AB6-F800-4c08-8B7A-83BB121AAD01}</UniqueIdentifier>
      <Extensions>rc;ico;cur;bmp;dlg;rc2;rct;bin;rgs;gif;jpg;jpeg;jpe;resx;tga;tiff;tif;png;wav;mfcribbon-ms</Extensions>
    </Filter>
    <Filter Include="Source">
      <UniqueIdentifier>{9a9231e6-8aad-4c88-b8ca-3942d7a6d4f7}</UniqueIdentifier>
    </Filter>
  </ItemGroup>
  <ItemGroup>
    <ClCompile Include="..\..\examples\character_RNN.cpp">
      <Filter>Source</Filter>
    </ClCompile>
    <ClCompile Include="..\..\src\debugger.cpp">
      <Filter>Source</Filter>
    </ClCompile>
    <ClCompile Include="..\..\src\device_instance.cpp">
      <Filter>Source</Filter>
    </ClCompile>
    <ClCompile Include="..\..\examples\image_io.cpp">
      <Filter>Source</Filter>
    </ClCompile>
    <ClCompile Include="..\..\examples\kernel_test.cpp">
      <Filter>Source</Filter>
    </ClCompile>
    <ClCompile Include="..\..\src\kernels.cpp">
      <Filter>Source</Filter>
    </ClCompile>
    <ClCompile Include="..\..\examples\main.cpp">
      <Filter>Source</Filter>
    </ClCompile>
    <ClCompile Include="..\..\examples\MNIST_CNN.cpp">
      <Filter>Source</Filter>
    </ClCompile>
    <ClCompile Include="..\..\examples\multi_layer_perception.cpp">
      <Filter>Source</Filter>
    </ClCompile>
    <ClCompile Include="..\..\examples\reference.cpp">
      <Filter>Source</Filter>
    </ClCompile>
    <ClCompile Include="..\..\src\tensor.cpp">
      <Filter>Source</Filter>
    </ClCompile>
  </ItemGroup>
</Project>